
Microsoft Visual Studio Solution File, Format Version 12.00
# Visual Studio Version 17
VisualStudioVersion = 17.0.32126.317
MinimumVisualStudioVersion = 10.0.40219.1
Project("{FAE04EC0-301F-11D3-BF4B-00C04F79EFBC}") = "Ex_ConexaoBD", "Ex_ConexaoBD\Ex_ConexaoBD.csproj", "{930C970A-CE07-456F-A95C-15D4F16543F9}"
EndProject
Global
	GlobalSection(SolutionConfigurationPlatforms) = preSolution
		Debug|Any CPU = Debug|Any CPU
		Release|Any CPU = Release|Any CPU
	EndGlobalSection
	GlobalSection(ProjectConfigurationPlatforms) = postSolution
		{930C970A-CE07-456F-A95C-15D4F16543F9}.Debug|Any CPU.ActiveCfg = Debug|Any CPU
		{930C970A-CE07-456F-A95C-15D4F16543F9}.Debug|Any CPU.Build.0 = Debug|Any CPU
		{930C970A-CE07-456F-A95C-15D4F16543F9}.Release|Any CPU.ActiveCfg = Release|Any CPU
		{930C970A-CE07-456F-A95C-15D4F16543F9}.Release|Any CPU.Build.0 = Release|Any CPU
	EndGlobalSection
	GlobalSection(SolutionProperties) = preSolution
		HideSolutionNode = FALSE
	EndGlobalSection
	GlobalSection(ExtensibilityGlobals) = postSolution
		SolutionGuid = {7C4FBC8A-8E51-4378-80FA-5F0449B28942}
	EndGlobalSection
EndGlobal
